
Microsoft Visual Studio Solution File, Format Version 12.00
# Visual Studio 15
VisualStudioVersion = 15.0.27004.2009
MinimumVisualStudioVersion = 10.0.40219.1
Project("{FAE04EC0-301F-11D3-BF4B-00C04F79EFBC}") = "LinkedLists", "LinkedLists\LinkedLists.csproj", "{3825C2C8-7CD0-49CE-A6AB-566F5A2D3925}"
EndProject
Project("{FAE04EC0-301F-11D3-BF4B-00C04F79EFBC}") = "Collections", "Collections\Collections.csproj", "{410D2446-FBFE-419B-AEC0-31F39D382EB2}"
EndProject
Project("{FAE04EC0-301F-11D3-BF4B-00C04F79EFBC}") = "Trees", "Trees\Trees.csproj", "{FC4C6358-7F9D-4482-B3AC-17D3487CD544}"
EndProject
Project("{FAE04EC0-301F-11D3-BF4B-00C04F79EFBC}") = "SortingTechniques", "SortingTechniques\SortingTechniques.csproj", "{13DE054A-9E28-4979-8D47-8D502DDE667F}"
EndProject
Project("{FAE04EC0-301F-11D3-BF4B-00C04F79EFBC}") = "Test", "Test\Test.csproj", "{42A64141-72ED-4786-8B1A-2DAE8B39EA8D}"
EndProject
Project("{FAE04EC0-301F-11D3-BF4B-00C04F79EFBC}") = "LRU", "LRU\LRU.csproj", "{7543C1CF-DAB4-483C-B2E4-5DC81E947AD8}"
EndProject
Global
	GlobalSection(SolutionConfigurationPlatforms) = preSolution
		Debug|Any CPU = Debug|Any CPU
		Release|Any CPU = Release|Any CPU
	EndGlobalSection
	GlobalSection(ProjectConfigurationPlatforms) = postSolution
		{3825C2C8-7CD0-49CE-A6AB-566F5A2D3925}.Debug|Any CPU.ActiveCfg = Debug|Any CPU
		{3825C2C8-7CD0-49CE-A6AB-566F5A2D3925}.Debug|Any CPU.Build.0 = Debug|Any CPU
		{3825C2C8-7CD0-49CE-A6AB-566F5A2D3925}.Release|Any CPU.ActiveCfg = Release|Any CPU
		{3825C2C8-7CD0-49CE-A6AB-566F5A2D3925}.Release|Any CPU.Build.0 = Release|Any CPU
		{410D2446-FBFE-419B-AEC0-31F39D382EB2}.Debug|Any CPU.ActiveCfg = Debug|Any CPU
		{410D2446-FBFE-419B-AEC0-31F39D382EB2}.Debug|Any CPU.Build.0 = Debug|Any CPU
		{410D2446-FBFE-419B-AEC0-31F39D382EB2}.Release|Any CPU.ActiveCfg = Release|Any CPU
		{410D2446-FBFE-419B-AEC0-31F39D382EB2}.Release|Any CPU.Build.0 = Release|Any CPU
		{FC4C6358-7F9D-4482-B3AC-17D3487CD544}.Debug|Any CPU.ActiveCfg = Debug|Any CPU
		{FC4C6358-7F9D-4482-B3AC-17D3487CD544}.Debug|Any CPU.Build.0 = Debug|Any CPU
		{FC4C6358-7F9D-4482-B3AC-17D3487CD544}.Release|Any CPU.ActiveCfg = Release|Any CPU
		{FC4C6358-7F9D-4482-B3AC-17D3487CD544}.Release|Any CPU.Build.0 = Release|Any CPU
		{13DE054A-9E28-4979-8D47-8D502DDE667F}.Debug|Any CPU.ActiveCfg = Debug|Any CPU
		{13DE054A-9E28-4979-8D47-8D502DDE667F}.Debug|Any CPU.Build.0 = Debug|Any CPU
		{13DE054A-9E28-4979-8D47-8D502DDE667F}.Release|Any CPU.ActiveCfg = Release|Any CPU
		{13DE054A-9E28-4979-8D47-8D502DDE667F}.Release|Any CPU.Build.0 = Release|Any CPU
		{42A64141-72ED-4786-8B1A-2DAE8B39EA8D}.Debug|Any CPU.ActiveCfg = Debug|Any CPU
		{42A64141-72ED-4786-8B1A-2DAE8B39EA8D}.Debug|Any CPU.Build.0 = Debug|Any CPU
		{42A64141-72ED-4786-8B1A-2DAE8B39EA8D}.Release|Any CPU.ActiveCfg = Release|Any CPU
		{42A64141-72ED-4786-8B1A-2DAE8B39EA8D}.Release|Any CPU.Build.0 = Release|Any CPU
		{7543C1CF-DAB4-483C-B2E4-5DC81E947AD8}.Debug|Any CPU.ActiveCfg = Debug|Any CPU
		{7543C1CF-DAB4-483C-B2E4-5DC81E947AD8}.Debug|Any CPU.Build.0 = Debug|Any CPU
		{7543C1CF-DAB4-483C-B2E4-5DC81E947AD8}.Release|Any CPU.ActiveCfg = Release|Any CPU
		{7543C1CF-DAB4-483C-B2E4-5DC81E947AD8}.Release|Any CPU.Build.0 = Release|Any CPU
	EndGlobalSection
	GlobalSection(SolutionProperties) = preSolution
		HideSolutionNode = FALSE
	EndGlobalSection
	GlobalSection(ExtensibilityGlobals) = postSolution
		SolutionGuid = {0BAD4E23-D583-4A00-A3C8-02AEC963134D}
	EndGlobalSection
EndGlobal
